
Microsoft Visual Studio Solution File, Format Version 11.00
# Visual Studio 2010
Project("{FAE04EC0-301F-11D3-BF4B-00C04F79EFBC}") = "WinPure.ContactManagement.Client", "WinPure.ContactManagement.Client\WinPure.ContactManagement.Client.csproj", "{093651AB-9BCC-4EE7-A544-B447D7705786}"
EndProject
Project("{FAE04EC0-301F-11D3-BF4B-00C04F79EFBC}") = "WinPure.ContactManagement.Client.Data", "WinPure.ContactManagement.Client.Data\WinPure.ContactManagement.Client.Data.csproj", "{F768494E-E29C-4653-B058-A733D730DB1F}"
EndProject
Project("{2150E333-8FDC-42A3-9474-1A3956D46DE8}") = "Client", "Client", "{E5EDFE09-3EC8-4CF9-BCEE-4D9D3109AE15}"
EndProject
Project("{FAE04EC0-301F-11D3-BF4B-00C04F79EFBC}") = "WinPure.ContactManagement.Client.ViewModels", "WinPure.ContactManagement.Client.ViewModels\WinPure.ContactManagement.Client.ViewModels.csproj", "{BA6463B2-BA1D-42AA-8754-DF9AFFD1754E}"
EndProject
Project("{2150E333-8FDC-42A3-9474-1A3956D46DE8}") = "ReferencedAssemblies", "ReferencedAssemblies", "{C320334C-0B1F-4022-9EAE-59504902555A}"
	ProjectSection(SolutionItems) = preProject
		ReferencedAssemblies\GalaSoft.MvvmLight.WPF4.dll = ReferencedAssemblies\GalaSoft.MvvmLight.WPF4.dll
		ReferencedAssemblies\Microsoft.Expression.Interactions.dll = ReferencedAssemblies\Microsoft.Expression.Interactions.dll
		ReferencedAssemblies\Microsoft.SqlServer.ConnectionInfo.dll = ReferencedAssemblies\Microsoft.SqlServer.ConnectionInfo.dll
		ReferencedAssemblies\Microsoft.SqlServer.Management.Sdk.Sfc.dll = ReferencedAssemblies\Microsoft.SqlServer.Management.Sdk.Sfc.dll
		ReferencedAssemblies\Microsoft.SqlServer.Smo.dll = ReferencedAssemblies\Microsoft.SqlServer.Smo.dll
		ReferencedAssemblies\SearchTextBox.dll = ReferencedAssemblies\SearchTextBox.dll
		ReferencedAssemblies\System.Data.SqlServerCe.dll = ReferencedAssemblies\System.Data.SqlServerCe.dll
		ReferencedAssemblies\System.Windows.Interactivity.dll = ReferencedAssemblies\System.Windows.Interactivity.dll
		ReferencedAssemblies\Transitionals.dll = ReferencedAssemblies\Transitionals.dll
	EndProjectSection
EndProject
Project("{FAE04EC0-301F-11D3-BF4B-00C04F79EFBC}") = "WinPure.ContactManagement.Client.CommonControls", "WinPure.ContactManagement.Client.CommonControls\WinPure.ContactManagement.Client.CommonControls.csproj", "{1E399B48-BEDA-4D4E-BF89-F741DF1911E9}"
EndProject
Project("{FAE04EC0-301F-11D3-BF4B-00C04F79EFBC}") = "WinPure.ContactManagement.Common", "WinPure.ContactManagement.Common\WinPure.ContactManagement.Common.csproj", "{21538910-F17E-4603-BF54-C0A5CCECC7D6}"
EndProject
Project("{2150E333-8FDC-42A3-9474-1A3956D46DE8}") = "Services", "Services", "{1A2E20DD-A6E5-405B-93BB-1DBE63754022}"
EndProject
Project("{FAE04EC0-301F-11D3-BF4B-00C04F79EFBC}") = "WinPure.ContactManagement.Client.Services.Managers", "WinPure.ContactManagement.Client.Services.Managers\WinPure.ContactManagement.Client.Services.Managers.csproj", "{B3E17F7A-F87B-41F3-BF6A-29C17B41B150}"
EndProject
Project("{FAE04EC0-301F-11D3-BF4B-00C04F79EFBC}") = "WinPure.ContactManagement.Client.Services", "WinPure.ContactManagement.Client.Services\WinPure.ContactManagement.Client.Services.csproj", "{C6367F24-6D84-4581-A0E3-864F58BC5C36}"
EndProject
Project("{2150E333-8FDC-42A3-9474-1A3956D46DE8}") = "SyncFramework", "SyncFramework", "{01D42FB1-5A4C-4CAE-9FF2-DA481FF4D08E}"
	ProjectSection(SolutionItems) = preProject
		ReferencedAssemblies\SyncFramework\Microsoft.Synchronization.Data.dll = ReferencedAssemblies\SyncFramework\Microsoft.Synchronization.Data.dll
		ReferencedAssemblies\SyncFramework\Microsoft.Synchronization.Data.SqlServer.dll = ReferencedAssemblies\SyncFramework\Microsoft.Synchronization.Data.SqlServer.dll
		ReferencedAssemblies\SyncFramework\Microsoft.Synchronization.Data.SqlServerCe.dll = ReferencedAssemblies\SyncFramework\Microsoft.Synchronization.Data.SqlServerCe.dll
		ReferencedAssemblies\SyncFramework\Microsoft.Synchronization.dll = ReferencedAssemblies\SyncFramework\Microsoft.Synchronization.dll
	EndProjectSection
EndProject
Project("{2150E333-8FDC-42A3-9474-1A3956D46DE8}") = "WindowsFirewall", "WindowsFirewall", "{2CEE052C-7AB8-49FF-9234-4460DCFC81D4}"
	ProjectSection(SolutionItems) = preProject
		ReferencedAssemblies\WindowsFirewall\Interop.NATUPNPLib.dll = ReferencedAssemblies\WindowsFirewall\Interop.NATUPNPLib.dll
		ReferencedAssemblies\WindowsFirewall\Interop.NETCONLib.dll = ReferencedAssemblies\WindowsFirewall\Interop.NETCONLib.dll
		ReferencedAssemblies\WindowsFirewall\Interop.NetFwTypeLib.dll = ReferencedAssemblies\WindowsFirewall\Interop.NetFwTypeLib.dll
	EndProjectSection
EndProject
Project("{2150E333-8FDC-42A3-9474-1A3956D46DE8}") = "Prerequsites", "Prerequsites", "{03D575C2-DE25-459E-8675-9C1754D03B66}"
	ProjectSection(SolutionItems) = preProject
		Prerequsites\SyncSDK-v2.0-x86-ENU.msi = Prerequsites\SyncSDK-v2.0-x86-ENU.msi
	EndProjectSection
EndProject
Project("{2150E333-8FDC-42A3-9474-1A3956D46DE8}") = "DatabaseScripts", "DatabaseScripts", "{D4DB3947-F39E-4B8E-A23A-E29BDFC94522}"
	ProjectSection(SolutionItems) = preProject
		DatabaseScripts\DatabaseSchema.sqlce = DatabaseScripts\DatabaseSchema.sqlce
	EndProjectSection
EndProject
Project("{FAE04EC0-301F-11D3-BF4B-00C04F79EFBC}") = "WinPure.ContactManagement.Client.CustomMessageBox", "WinPure.ContactManagement.Client.CustomMessageBox\WinPure.ContactManagement.Client.CustomMessageBox.csproj", "{FB5058F4-D8F2-4396-8703-C0F0DA8974B9}"
EndProject
Project("{FAE04EC0-301F-11D3-BF4B-00C04F79EFBC}") = "WinPure.ContactManagement.Client.Localization", "WinPure.ContactManagement.Client.Localization\WinPure.ContactManagement.Client.Localization.csproj", "{4BDC1BBD-F360-46D4-BF0B-31EFE0AD8862}"
EndProject
Global
	GlobalSection(SubversionScc) = preSolution
		Svn-Managed = True
		Manager = AnkhSVN - Subversion Support for Visual Studio
	EndGlobalSection
	GlobalSection(SolutionConfigurationPlatforms) = preSolution
		Debug|Any CPU = Debug|Any CPU
		Debug|Mixed Platforms = Debug|Mixed Platforms
		Debug|x86 = Debug|x86
		Release|Any CPU = Release|Any CPU
		Release|Mixed Platforms = Release|Mixed Platforms
		Release|x86 = Release|x86
	EndGlobalSection
	GlobalSection(ProjectConfigurationPlatforms) = postSolution
		{093651AB-9BCC-4EE7-A544-B447D7705786}.Debug|Any CPU.ActiveCfg = Debug|x86
		{093651AB-9BCC-4EE7-A544-B447D7705786}.Debug|Mixed Platforms.ActiveCfg = Debug|x86
		{093651AB-9BCC-4EE7-A544-B447D7705786}.Debug|Mixed Platforms.Build.0 = Debug|x86
		{093651AB-9BCC-4EE7-A544-B447D7705786}.Debug|x86.ActiveCfg = Debug|x86
		{093651AB-9BCC-4EE7-A544-B447D7705786}.Debug|x86.Build.0 = Debug|x86
		{093651AB-9BCC-4EE7-A544-B447D7705786}.Release|Any CPU.ActiveCfg = Release|x86
		{093651AB-9BCC-4EE7-A544-B447D7705786}.Release|Mixed Platforms.ActiveCfg = Release|x86
		{093651AB-9BCC-4EE7-A544-B447D7705786}.Release|Mixed Platforms.Build.0 = Release|x86
		{093651AB-9BCC-4EE7-A544-B447D7705786}.Release|x86.ActiveCfg = Release|x86
		{093651AB-9BCC-4EE7-A544-B447D7705786}.Release|x86.Build.0 = Release|x86
		{F768494E-E29C-4653-B058-A733D730DB1F}.Debug|Any CPU.ActiveCfg = Debug|Any CPU
		{F768494E-E29C-4653-B058-A733D730DB1F}.Debug|Any CPU.Build.0 = Debug|Any CPU
		{F768494E-E29C-4653-B058-A733D730DB1F}.Debug|Mixed Platforms.ActiveCfg = Debug|Any CPU
		{F768494E-E29C-4653-B058-A733D730DB1F}.Debug|Mixed Platforms.Build.0 = Debug|Any CPU
		{F768494E-E29C-4653-B058-A733D730DB1F}.Debug|x86.ActiveCfg = Debug|Any CPU
		{F768494E-E29C-4653-B058-A733D730DB1F}.Release|Any CPU.ActiveCfg = Release|Any CPU
		{F768494E-E29C-4653-B058-A733D730DB1F}.Release|Any CPU.Build.0 = Release|Any CPU
		{F768494E-E29C-4653-B058-A733D730DB1F}.Release|Mixed Platforms.ActiveCfg = Release|Any CPU
		{F768494E-E29C-4653-B058-A733D730DB1F}.Release|Mixed Platforms.Build.0 = Release|Any CPU
		{F768494E-E29C-4653-B058-A733D730DB1F}.Release|x86.ActiveCfg = Release|Any CPU
		{BA6463B2-BA1D-42AA-8754-DF9AFFD1754E}.Debug|Any CPU.ActiveCfg = Debug|Any CPU
		{BA6463B2-BA1D-42AA-8754-DF9AFFD1754E}.Debug|Any CPU.Build.0 = Debug|Any CPU
		{BA6463B2-BA1D-42AA-8754-DF9AFFD1754E}.Debug|Mixed Platforms.ActiveCfg = Debug|Any CPU
		{BA6463B2-BA1D-42AA-8754-DF9AFFD1754E}.Debug|Mixed Platforms.Build.0 = Debug|Any CPU
		{BA6463B2-BA1D-42AA-8754-DF9AFFD1754E}.Debug|x86.ActiveCfg = Debug|Any CPU
		{BA6463B2-BA1D-42AA-8754-DF9AFFD1754E}.Release|Any CPU.ActiveCfg = Release|Any CPU
		{BA6463B2-BA1D-42AA-8754-DF9AFFD1754E}.Release|Any CPU.Build.0 = Release|Any CPU
		{BA6463B2-BA1D-42AA-8754-DF9AFFD1754E}.Release|Mixed Platforms.ActiveCfg = Release|Any CPU
		{BA6463B2-BA1D-42AA-8754-DF9AFFD1754E}.Release|Mixed Platforms.Build.0 = Release|Any CPU
		{BA6463B2-BA1D-42AA-8754-DF9AFFD1754E}.Release|x86.ActiveCfg = Release|Any CPU
		{1E399B48-BEDA-4D4E-BF89-F741DF1911E9}.Debug|Any CPU.ActiveCfg = Debug|Any CPU
		{1E399B48-BEDA-4D4E-BF89-F741DF1911E9}.Debug|Any CPU.Build.0 = Debug|Any CPU
		{1E399B48-BEDA-4D4E-BF89-F741DF1911E9}.Debug|Mixed Platforms.ActiveCfg = Debug|Any CPU
		{1E399B48-BEDA-4D4E-BF89-F741DF1911E9}.Debug|Mixed Platforms.Build.0 = Debug|Any CPU
		{1E399B48-BEDA-4D4E-BF89-F741DF1911E9}.Debug|x86.ActiveCfg = Debug|Any CPU
		{1E399B48-BEDA-4D4E-BF89-F741DF1911E9}.Release|Any CPU.ActiveCfg = Release|Any CPU
		{1E399B48-BEDA-4D4E-BF89-F741DF1911E9}.Release|Any CPU.Build.0 = Release|Any CPU
		{1E399B48-BEDA-4D4E-BF89-F741DF1911E9}.Release|Mixed Platforms.ActiveCfg = Release|Any CPU
		{1E399B48-BEDA-4D4E-BF89-F741DF1911E9}.Release|Mixed Platforms.Build.0 = Release|Any CPU
		{1E399B48-BEDA-4D4E-BF89-F741DF1911E9}.Release|x86.ActiveCfg = Release|Any CPU
		{21538910-F17E-4603-BF54-C0A5CCECC7D6}.Debug|Any CPU.ActiveCfg = Debug|Any CPU
		{21538910-F17E-4603-BF54-C0A5CCECC7D6}.Debug|Any CPU.Build.0 = Debug|Any CPU
		{21538910-F17E-4603-BF54-C0A5CCECC7D6}.Debug|Mixed Platforms.ActiveCfg = Debug|Any CPU
		{21538910-F17E-4603-BF54-C0A5CCECC7D6}.Debug|Mixed Platforms.Build.0 = Debug|Any CPU
		{21538910-F17E-4603-BF54-C0A5CCECC7D6}.Debug|x86.ActiveCfg = Debug|Any CPU
		{21538910-F17E-4603-BF54-C0A5CCECC7D6}.Release|Any CPU.ActiveCfg = Release|Any CPU
		{21538910-F17E-4603-BF54-C0A5CCECC7D6}.Release|Any CPU.Build.0 = Release|Any CPU
		{21538910-F17E-4603-BF54-C0A5CCECC7D6}.Release|Mixed Platforms.ActiveCfg = Release|Any CPU
		{21538910-F17E-4603-BF54-C0A5CCECC7D6}.Release|Mixed Platforms.Build.0 = Release|Any CPU
		{21538910-F17E-4603-BF54-C0A5CCECC7D6}.Release|x86.ActiveCfg = Release|Any CPU
		{B3E17F7A-F87B-41F3-BF6A-29C17B41B150}.Debug|Any CPU.ActiveCfg = Debug|Any CPU
		{B3E17F7A-F87B-41F3-BF6A-29C17B41B150}.Debug|Any CPU.Build.0 = Debug|Any CPU
		{B3E17F7A-F87B-41F3-BF6A-29C17B41B150}.Debug|Mixed Platforms.ActiveCfg = Debug|Any CPU
		{B3E17F7A-F87B-41F3-BF6A-29C17B41B150}.Debug|Mixed Platforms.Build.0 = Debug|Any CPU
		{B3E17F7A-F87B-41F3-BF6A-29C17B41B150}.Debug|x86.ActiveCfg = Debug|Any CPU
		{B3E17F7A-F87B-41F3-BF6A-29C17B41B150}.Release|Any CPU.ActiveCfg = Release|Any CPU
		{B3E17F7A-F87B-41F3-BF6A-29C17B41B150}.Release|Any CPU.Build.0 = Release|Any CPU
		{B3E17F7A-F87B-41F3-BF6A-29C17B41B150}.Release|Mixed Platforms.ActiveCfg = Release|Any CPU
		{B3E17F7A-F87B-41F3-BF6A-29C17B41B150}.Release|Mixed Platforms.Build.0 = Release|Any CPU
		{B3E17F7A-F87B-41F3-BF6A-29C17B41B150}.Release|x86.ActiveCfg = Release|Any CPU
		{C6367F24-6D84-4581-A0E3-864F58BC5C36}.Debug|Any CPU.ActiveCfg = Debug|Any CPU
		{C6367F24-6D84-4581-A0E3-864F58BC5C36}.Debug|Any CPU.Build.0 = Debug|Any CPU
		{C6367F24-6D84-4581-A0E3-864F58BC5C36}.Debug|Mixed Platforms.ActiveCfg = Debug|Any CPU
		{C6367F24-6D84-4581-A0E3-864F58BC5C36}.Debug|Mixed Platforms.Build.0 = Debug|Any CPU
		{C6367F24-6D84-4581-A0E3-864F58BC5C36}.Debug|x86.ActiveCfg = Debug|Any CPU
		{C6367F24-6D84-4581-A0E3-864F58BC5C36}.Release|Any CPU.ActiveCfg = Release|Any CPU
		{C6367F24-6D84-4581-A0E3-864F58BC5C36}.Release|Any CPU.Build.0 = Release|Any CPU
		{C6367F24-6D84-4581-A0E3-864F58BC5C36}.Release|Mixed Platforms.ActiveCfg = Release|Any CPU
		{C6367F24-6D84-4581-A0E3-864F58BC5C36}.Release|Mixed Platforms.Build.0 = Release|Any CPU
		{C6367F24-6D84-4581-A0E3-864F58BC5C36}.Release|x86.ActiveCfg = Release|Any CPU
		{FB5058F4-D8F2-4396-8703-C0F0DA8974B9}.Debug|Any CPU.ActiveCfg = Debug|Any CPU
		{FB5058F4-D8F2-4396-8703-C0F0DA8974B9}.Debug|Any CPU.Build.0 = Debug|Any CPU
		{FB5058F4-D8F2-4396-8703-C0F0DA8974B9}.Debug|Mixed Platforms.ActiveCfg = Debug|Any CPU
		{FB5058F4-D8F2-4396-8703-C0F0DA8974B9}.Debug|Mixed Platforms.Build.0 = Debug|Any CPU
		{FB5058F4-D8F2-4396-8703-C0F0DA8974B9}.Debug|x86.ActiveCfg = Debug|Any CPU
		{FB5058F4-D8F2-4396-8703-C0F0DA8974B9}.Release|Any CPU.ActiveCfg = Release|Any CPU
		{FB5058F4-D8F2-4396-8703-C0F0DA8974B9}.Release|Any CPU.Build.0 = Release|Any CPU
		{FB5058F4-D8F2-4396-8703-C0F0DA8974B9}.Release|Mixed Platforms.ActiveCfg = Release|Any CPU
		{FB5058F4-D8F2-4396-8703-C0F0DA8974B9}.Release|Mixed Platforms.Build.0 = Release|Any CPU
		{FB5058F4-D8F2-4396-8703-C0F0DA8974B9}.Release|x86.ActiveCfg = Release|Any CPU
		{4BDC1BBD-F360-46D4-BF0B-31EFE0AD8862}.Debug|Any CPU.ActiveCfg = Debug|Any CPU
		{4BDC1BBD-F360-46D4-BF0B-31EFE0AD8862}.Debug|Any CPU.Build.0 = Debug|Any CPU
		{4BDC1BBD-F360-46D4-BF0B-31EFE0AD8862}.Debug|Mixed Platforms.ActiveCfg = Debug|Any CPU
		{4BDC1BBD-F360-46D4-BF0B-31EFE0AD8862}.Debug|Mixed Platforms.Build.0 = Debug|Any CPU
		{4BDC1BBD-F360-46D4-BF0B-31EFE0AD8862}.Debug|x86.ActiveCfg = Debug|Any CPU
		{4BDC1BBD-F360-46D4-BF0B-31EFE0AD8862}.Release|Any CPU.ActiveCfg = Release|Any CPU
		{4BDC1BBD-F360-46D4-BF0B-31EFE0AD8862}.Release|Any CPU.Build.0 = Release|Any CPU
		{4BDC1BBD-F360-46D4-BF0B-31EFE0AD8862}.Release|Mixed Platforms.ActiveCfg = Release|Any CPU
		{4BDC1BBD-F360-46D4-BF0B-31EFE0AD8862}.Release|Mixed Platforms.Build.0 = Release|Any CPU
		{4BDC1BBD-F360-46D4-BF0B-31EFE0AD8862}.Release|x86.ActiveCfg = Release|Any CPU
	EndGlobalSection
	GlobalSection(SolutionProperties) = preSolution
		HideSolutionNode = FALSE
	EndGlobalSection
	GlobalSection(NestedProjects) = preSolution
		{F768494E-E29C-4653-B058-A733D730DB1F} = {E5EDFE09-3EC8-4CF9-BCEE-4D9D3109AE15}
		{093651AB-9BCC-4EE7-A544-B447D7705786} = {E5EDFE09-3EC8-4CF9-BCEE-4D9D3109AE15}
		{BA6463B2-BA1D-42AA-8754-DF9AFFD1754E} = {E5EDFE09-3EC8-4CF9-BCEE-4D9D3109AE15}
		{1E399B48-BEDA-4D4E-BF89-F741DF1911E9} = {E5EDFE09-3EC8-4CF9-BCEE-4D9D3109AE15}
		{FB5058F4-D8F2-4396-8703-C0F0DA8974B9} = {E5EDFE09-3EC8-4CF9-BCEE-4D9D3109AE15}
		{4BDC1BBD-F360-46D4-BF0B-31EFE0AD8862} = {E5EDFE09-3EC8-4CF9-BCEE-4D9D3109AE15}
		{01D42FB1-5A4C-4CAE-9FF2-DA481FF4D08E} = {C320334C-0B1F-4022-9EAE-59504902555A}
		{2CEE052C-7AB8-49FF-9234-4460DCFC81D4} = {C320334C-0B1F-4022-9EAE-59504902555A}
		{B3E17F7A-F87B-41F3-BF6A-29C17B41B150} = {1A2E20DD-A6E5-405B-93BB-1DBE63754022}
		{C6367F24-6D84-4581-A0E3-864F58BC5C36} = {1A2E20DD-A6E5-405B-93BB-1DBE63754022}
	EndGlobalSection
EndGlobal
